
Microsoft Visual Studio Solution File, Format Version 12.00
# Visual Studio 15
VisualStudioVersion = 15.0.28307.572
MinimumVisualStudioVersion = 10.0.40219.1
Project("{FAE04EC0-301F-11D3-BF4B-00C04F79EFBC}") = "ItemPricer", "ItemPricer\ItemPricer.csproj", "{B8F4502B-A1C8-4D01-BA46-38CC81417555}"
EndProject
Project("{E24C65DC-7377-472B-9ABA-BC803B73C61A}") = "ItemPricerWebService", "ItemPricerWebService\", "{F928029A-1BE9-478F-9998-F41CB70857AA}"
	ProjectSection(WebsiteProperties) = preProject
		TargetFrameworkMoniker = ".NETFramework,Version%3Dv4.6.1"
		Debug.AspNetCompiler.VirtualPath = "/localhost_53747"
		Debug.AspNetCompiler.PhysicalPath = "ItemPricerWebService\"
		Debug.AspNetCompiler.TargetPath = "PrecompiledWeb\localhost_53747\"
		Debug.AspNetCompiler.Updateable = "true"
		Debug.AspNetCompiler.ForceOverwrite = "true"
		Debug.AspNetCompiler.FixedNames = "false"
		Debug.AspNetCompiler.Debug = "True"
		Release.AspNetCompiler.VirtualPath = "/localhost_53747"
		Release.AspNetCompiler.PhysicalPath = "ItemPricerWebService\"
		Release.AspNetCompiler.TargetPath = "PrecompiledWeb\localhost_53747\"
		Release.AspNetCompiler.Updateable = "true"
		Release.AspNetCompiler.ForceOverwrite = "true"
		Release.AspNetCompiler.FixedNames = "false"
		Release.AspNetCompiler.Debug = "False"
		VWDPort = "53747"
		SlnRelativePath = "ItemPricerWebService\"
		DefaultWebSiteLanguage = "Visual C#"
	EndProjectSection
EndProject
Global
	GlobalSection(SolutionConfigurationPlatforms) = preSolution
		Debug|Any CPU = Debug|Any CPU
		Release|Any CPU = Release|Any CPU
	EndGlobalSection
	GlobalSection(ProjectConfigurationPlatforms) = postSolution
		{B8F4502B-A1C8-4D01-BA46-38CC81417555}.Debug|Any CPU.ActiveCfg = Debug|Any CPU
		{B8F4502B-A1C8-4D01-BA46-38CC81417555}.Debug|Any CPU.Build.0 = Debug|Any CPU
		{B8F4502B-A1C8-4D01-BA46-38CC81417555}.Release|Any CPU.ActiveCfg = Release|Any CPU
		{B8F4502B-A1C8-4D01-BA46-38CC81417555}.Release|Any CPU.Build.0 = Release|Any CPU
		{F928029A-1BE9-478F-9998-F41CB70857AA}.Debug|Any CPU.ActiveCfg = Debug|Any CPU
		{F928029A-1BE9-478F-9998-F41CB70857AA}.Debug|Any CPU.Build.0 = Debug|Any CPU
		{F928029A-1BE9-478F-9998-F41CB70857AA}.Release|Any CPU.ActiveCfg = Debug|Any CPU
		{F928029A-1BE9-478F-9998-F41CB70857AA}.Release|Any CPU.Build.0 = Debug|Any CPU
	EndGlobalSection
	GlobalSection(SolutionProperties) = preSolution
		HideSolutionNode = FALSE
	EndGlobalSection
	GlobalSection(ExtensibilityGlobals) = postSolution
		SolutionGuid = {06B2BCFF-ACA1-4441-AFE7-D9CFB78175F1}
	EndGlobalSection
EndGlobal
